
Microsoft Visual Studio Solution File, Format Version 12.00
# Visual Studio Version 16
VisualStudioVersion = 16.0.29728.190
MinimumVisualStudioVersion = 10.0.40219.1
Project("{FAE04EC0-301F-11D3-BF4B-00C04F79EFBC}") = "OP_Teht6A", "OP_Teht6\OP_Teht6A.csproj", "{0D928EA8-55A4-4E7B-BAE2-A70497CAC520}"
EndProject
Global
	GlobalSection(SolutionConfigurationPlatforms) = preSolution
		Debug|Any CPU = Debug|Any CPU
		Release|Any CPU = Release|Any CPU
	EndGlobalSection
	GlobalSection(ProjectConfigurationPlatforms) = postSolution
		{0D928EA8-55A4-4E7B-BAE2-A70497CAC520}.Debug|Any CPU.ActiveCfg = Debug|Any CPU
		{0D928EA8-55A4-4E7B-BAE2-A70497CAC520}.Debug|Any CPU.Build.0 = Debug|Any CPU
		{0D928EA8-55A4-4E7B-BAE2-A70497CAC520}.Release|Any CPU.ActiveCfg = Release|Any CPU
		{0D928EA8-55A4-4E7B-BAE2-A70497CAC520}.Release|Any CPU.Build.0 = Release|Any CPU
	EndGlobalSection
	GlobalSection(SolutionProperties) = preSolution
		HideSolutionNode = FALSE
	EndGlobalSection
	GlobalSection(ExtensibilityGlobals) = postSolution
		SolutionGuid = {643E983B-1A1F-46CE-841A-6DC182BF0D23}
	EndGlobalSection
EndGlobal
